{
  "name": "fitness_track",
  "version": "0.0.0",
  "lockfileVersion": 3,
  "requires": true,
  "packages": {
    "": {
      "name": "fitness_track",
      "version": "0.0.0",
      "license": "ISC",
      "dependencies": {
        "fitness_track": "file:"
      }
    },
    "node_modules/fitness_track": {
      "resolved": "",
      "link": true
    }
  }
}
